// !$*UTF8*$!
{
	archiveVersion = 1;
	classes = {
	};
	objectVersion = 46;
	objects = {

/* Begin PBXBuildFile section */
		186A197418CD270000E4BEB5 /* UIView+Toast.m in Sources */ = {isa = PBXBuildFile; fileRef = 186A197318CD270000E4BEB5 /* UIView+Toast.m */; };
		187D8D5818EA4F7400E5EA1B /* FacebookSDK.framework in Frameworks */ = {isa = PBXBuildFile; fileRef = 187D8C3318EA4F7300E5EA1B /* FacebookSDK.framework */; };
		187D8D5918EA4F7400E5EA1B /* LICENSE in Resources */ = {isa = PBXBuildFile; fileRef = 187D8C3418EA4F7300E5EA1B /* LICENSE */; };
		187D8D5A18EA4F7400E5EA1B /* README.txt in Resources */ = {isa = PBXBuildFile; fileRef = 187D8C3518EA4F7300E5EA1B /* README.txt */; };
		18A7C1441900D3C2003D135D /* GroupCreateViewController.m in Sources */ = {isa = PBXBuildFile; fileRef = 18A7C1431900D3C2003D135D /* GroupCreateViewController.m */; };
		18A7C1461900D3D4003D135D /* GroupCreateViewController.xib in Resources */ = {isa = PBXBuildFile; fileRef = 18A7C1451900D3D4003D135D /* GroupCreateViewController.xib */; };
		18A7C14A1900EB2F003D135D /* ConditionalViewController.m in Sources */ = {isa = PBXBuildFile; fileRef = 18A7C1481900EB2F003D135D /* ConditionalViewController.m */; };
		18A7C14B1900EB2F003D135D /* ConditionalViewController.xib in Resources */ = {isa = PBXBuildFile; fileRef = 18A7C1491900EB2F003D135D /* ConditionalViewController.xib */; };
		18B4994F19188E5F00B78E42 /* GroupAutoCompletionObject.m in Sources */ = {isa = PBXBuildFile; fileRef = 18B4994E19188E5F00B78E42 /* GroupAutoCompletionObject.m */; };
		18E2985F1911880A00D05153 /* GroupEditViewController.m in Sources */ = {isa = PBXBuildFile; fileRef = 18E2985D1911880A00D05153 /* GroupEditViewController.m */; };
		18E298601911880A00D05153 /* GroupEditViewController.xib in Resources */ = {isa = PBXBuildFile; fileRef = 18E2985E1911880A00D05153 /* GroupEditViewController.xib */; };
		18E298631911998900D05153 /* CMPopTipView.m in Sources */ = {isa = PBXBuildFile; fileRef = 18E298621911998900D05153 /* CMPopTipView.m */; };
		2FA263EFF5754A148A72C75D /* libPods.a in Frameworks */ = {isa = PBXBuildFile; fileRef = 044995168A7147F2923F3E70 /* libPods.a */; };
		3224245E18EC949F003E7E7F /* AddFriendViewController.m in Sources */ = {isa = PBXBuildFile; fileRef = 3224245C18EC949F003E7E7F /* AddFriendViewController.m */; };
		3224246318EC9EA0003E7E7F /* FriendViewController.m in Sources */ = {isa = PBXBuildFile; fileRef = 3224246118EC9EA0003E7E7F /* FriendViewController.m */; };
		3224246418EC9EA0003E7E7F /* FriendViewController.xib in Resources */ = {isa = PBXBuildFile; fileRef = 3224246218EC9EA0003E7E7F /* FriendViewController.xib */; };
		322B9B3E18D256C80084AAF9 /* MainViewController.m in Sources */ = {isa = PBXBuildFile; fileRef = 322B9B3C18D256C80084AAF9 /* MainViewController.m */; };
		322B9B3F18D256C80084AAF9 /* MainViewController.xib in Resources */ = {isa = PBXBuildFile; fileRef = 322B9B3D18D256C80084AAF9 /* MainViewController.xib */; };
		6C101FE619101B3F009A0DD2 /* EventViewController.m in Sources */ = {isa = PBXBuildFile; fileRef = 6C101FE419101B3F009A0DD2 /* EventViewController.m */; };
		6C101FE719101B3F009A0DD2 /* EventViewController.xib in Resources */ = {isa = PBXBuildFile; fileRef = 6C101FE519101B3F009A0DD2 /* EventViewController.xib */; };
		6C101FEB19101ECF009A0DD2 /* GroupViewController.m in Sources */ = {isa = PBXBuildFile; fileRef = 6C101FE919101ECF009A0DD2 /* GroupViewController.m */; };
		6C101FEC19101ECF009A0DD2 /* GroupViewController.xib in Resources */ = {isa = PBXBuildFile; fileRef = 6C101FEA19101ECF009A0DD2 /* GroupViewController.xib */; };
		6C101FEF19104251009A0DD2 /* SOLabel.m in Sources */ = {isa = PBXBuildFile; fileRef = 6C101FEE19104251009A0DD2 /* SOLabel.m */; };
		6C13DD9518C41EFD0032A56C /* Foundation.framework in Frameworks */ = {isa = PBXBuildFile; fileRef = 6C13DD9418C41EFD0032A56C /* Foundation.framework */; };
		6C13DD9718C41EFD0032A56C /* CoreGraphics.framework in Frameworks */ = {isa = PBXBuildFile; fileRef = 6C13DD9618C41EFD0032A56C /* CoreGraphics.framework */; };
		6C13DD9918C41EFD0032A56C /* UIKit.framework in Frameworks */ = {isa = PBXBuildFile; fileRef = 6C13DD9818C41EFD0032A56C /* UIKit.framework */; };
		6C13DD9F18C41EFD0032A56C /* InfoPlist.strings in Resources */ = {isa = PBXBuildFile; fileRef = 6C13DD9D18C41EFD0032A56C /* InfoPlist.strings */; };
		6C13DDA118C41EFD0032A56C /* main.m in Sources */ = {isa = PBXBuildFile; fileRef = 6C13DDA018C41EFD0032A56C /* main.m */; };
		6C13DDA518C41EFD0032A56C /* AppDelegate.m in Sources */ = {isa = PBXBuildFile; fileRef = 6C13DDA418C41EFD0032A56C /* AppDelegate.m */; };
		6C13DDAD18C41EFD0032A56C /* Images.xcassets in Resources */ = {isa = PBXBuildFile; fileRef = 6C13DDAC18C41EFD0032A56C /* Images.xcassets */; };
		6C13DDB418C41EFD0032A56C /* XCTest.framework in Frameworks */ = {isa = PBXBuildFile; fileRef = 6C13DDB318C41EFD0032A56C /* XCTest.framework */; };
		6C13DDB518C41EFD0032A56C /* Foundation.framework in Frameworks */ = {isa = PBXBuildFile; fileRef = 6C13DD9418C41EFD0032A56C /* Foundation.framework */; };
		6C13DDB618C41EFD0032A56C /* UIKit.framework in Frameworks */ = {isa = PBXBuildFile; fileRef = 6C13DD9818C41EFD0032A56C /* UIKit.framework */; };
		6C13DDBE18C41EFD0032A56C /* InfoPlist.strings in Resources */ = {isa = PBXBuildFile; fileRef = 6C13DDBC18C41EFD0032A56C /* InfoPlist.strings */; };
		6C13DDC018C41EFD0032A56C /* wuff_frontendTests.m in Sources */ = {isa = PBXBuildFile; fileRef = 6C13DDBF18C41EFD0032A56C /* wuff_frontendTests.m */; };
		6C13DDCB18C43FD20032A56C /* InputView.m in Sources */ = {isa = PBXBuildFile; fileRef = 6C13DDCA18C43FD20032A56C /* InputView.m */; };
		6C4AFBD618E52FAE001BCEBB /* UserAutoCompletionObject.m in Sources */ = {isa = PBXBuildFile; fileRef = 6C4AFBD518E52FAE001BCEBB /* UserAutoCompletionObject.m */; };
		6C4AFBDA18E78D67001BCEBB /* SettingsTabViewController.m in Sources */ = {isa = PBXBuildFile; fileRef = 6C4AFBD818E78D67001BCEBB /* SettingsTabViewController.m */; };
		6C4AFBDB18E78D67001BCEBB /* SettingsTabViewController.xib in Resources */ = {isa = PBXBuildFile; fileRef = 6C4AFBD918E78D67001BCEBB /* SettingsTabViewController.xib */; };
		6C6216BA18D037AA0006048A /* EventCreateViewController.m in Sources */ = {isa = PBXBuildFile; fileRef = 6C6216B818D037AA0006048A /* EventCreateViewController.m */; };
		6C6216BB18D037AA0006048A /* EventCreateViewController.xib in Resources */ = {isa = PBXBuildFile; fileRef = 6C6216B918D037AA0006048A /* EventCreateViewController.xib */; };
		6C6216BF18D0390F0006048A /* LoginViewController.m in Sources */ = {isa = PBXBuildFile; fileRef = 6C6216BD18D0390F0006048A /* LoginViewController.m */; };
		6C6216C018D0390F0006048A /* LoginViewController.xib in Resources */ = {isa = PBXBuildFile; fileRef = 6C6216BE18D0390F0006048A /* LoginViewController.xib */; };
		6C6216C418D0397A0006048A /* SignUpViewController.m in Sources */ = {isa = PBXBuildFile; fileRef = 6C6216C218D0397A0006048A /* SignUpViewController.m */; };
		6C6216C518D0397A0006048A /* SignUpViewController.xib in Resources */ = {isa = PBXBuildFile; fileRef = 6C6216C318D0397A0006048A /* SignUpViewController.xib */; };
		6C71D54D18FDA0B4004334EA /* MainViewTableViewCell.m in Sources */ = {isa = PBXBuildFile; fileRef = 6C71D54C18FDA0B4004334EA /* MainViewTableViewCell.m */; };
		6C71D54F18FDE02C004334EA /* groups_icon.png in Resources */ = {isa = PBXBuildFile; fileRef = 6C71D54E18FDE02C004334EA /* groups_icon.png */; };
		6C71D55218FDE113004334EA /* SettingsTableViewCell.m in Sources */ = {isa = PBXBuildFile; fileRef = 6C71D55118FDE113004334EA /* SettingsTableViewCell.m */; };
		6C71D55B19004C8C004334EA /* check.png in Resources */ = {isa = PBXBuildFile; fileRef = 6C71D55319004C8C004334EA /* check.png */; };
		6C71D55C19004C8C004334EA /* check@2x.png in Resources */ = {isa = PBXBuildFile; fileRef = 6C71D55419004C8C004334EA /* check@2x.png */; };
		6C71D55D19004C8C004334EA /* clock.png in Resources */ = {isa = PBXBuildFile; fileRef = 6C71D55519004C8C004334EA /* clock.png */; };
		6C71D55E19004C8C004334EA /* clock@2x.png in Resources */ = {isa = PBXBuildFile; fileRef = 6C71D55619004C8C004334EA /* clock@2x.png */; };
		6C71D55F19004C8C004334EA /* cross.png in Resources */ = {isa = PBXBuildFile; fileRef = 6C71D55719004C8C004334EA /* cross.png */; };
		6C71D56019004C8C004334EA /* cross@2x.png in Resources */ = {isa = PBXBuildFile; fileRef = 6C71D55819004C8C004334EA /* cross@2x.png */; };
		6C71D56119004C8C004334EA /* list.png in Resources */ = {isa = PBXBuildFile; fileRef = 6C71D55919004C8C004334EA /* list.png */; };
		6C71D56219004C8C004334EA /* list@2x.png in Resources */ = {isa = PBXBuildFile; fileRef = 6C71D55A19004C8C004334EA /* list@2x.png */; };
		6C71D56A19005550004334EA /* RectUIVew.m in Sources */ = {isa = PBXBuildFile; fileRef = 6C71D56919005550004334EA /* RectUIVew.m */; };
		6C71D56D190059B6004334EA /* profilepic.png in Resources */ = {isa = PBXBuildFile; fileRef = 6C71D56B190059B6004334EA /* profilepic.png */; };
		6C71D56E190059B6004334EA /* profilepic@2x.png in Resources */ = {isa = PBXBuildFile; fileRef = 6C71D56C190059B6004334EA /* profilepic@2x.png */; };
		6C8CB86B18E89C6D0077E9BB /* SettingsViewController.m in Sources */ = {isa = PBXBuildFile; fileRef = 6C8CB86918E89C6D0077E9BB /* SettingsViewController.m */; };
		6C8CB86C18E89C6D0077E9BB /* SettingsViewController.xib in Resources */ = {isa = PBXBuildFile; fileRef = 6C8CB86A18E89C6D0077E9BB /* SettingsViewController.xib */; };
		6C8CB87918EC6E880077E9BB /* AddFriendViewController.xib in Resources */ = {isa = PBXBuildFile; fileRef = 6C8CB87718EC6E880077E9BB /* AddFriendViewController.xib */; };
		6CAAB38118E7A67E008A686A /* settings_icon.png in Resources */ = {isa = PBXBuildFile; fileRef = 6CAAB38018E7A67E008A686A /* settings_icon.png */; };
		6CEE81301901A57600F8CA53 /* groups_icon@2x.png in Resources */ = {isa = PBXBuildFile; fileRef = 6CEE812F1901A57600F8CA53 /* groups_icon@2x.png */; };
		6CF7E1B618CA538F00880712 /* HandleRequest.m in Sources */ = {isa = PBXBuildFile; fileRef = 6CF7E1B518CA538F00880712 /* HandleRequest.m */; };
/* End PBXBuildFile section */

/* Begin PBXContainerItemProxy section */
		6C13DDB718C41EFD0032A56C /* PBXContainerItemProxy */ = {
			isa = PBXContainerItemProxy;
			containerPortal = 6C13DD8918C41EFD0032A56C /* Project object */;
			proxyType = 1;
			remoteGlobalIDString = 6C13DD9018C41EFD0032A56C;
			remoteInfo = wuff_frontend;
		};
/* End PBXContainerItemProxy section */

/* Begin PBXFileReference section */
		044995168A7147F2923F3E70 /* libPods.a */ = {isa = PBXFileReference; explicitFileType = archive.ar; includeInIndex = 0; path = libPods.a; sourceTree = BUILT_PRODUCTS_DIR; };
		186A197218CD270000E4BEB5 /* UIView+Toast.h */ = {isa = PBXFileReference; fileEncoding = 4; lastKnownFileType = sourcecode.c.h; path = "UIView+Toast.h"; sourceTree = "<group>"; };
		186A197318CD270000E4BEB5 /* UIView+Toast.m */ = {isa = PBXFileReference; fileEncoding = 4; lastKnownFileType = sourcecode.c.objc; path = "UIView+Toast.m"; sourceTree = "<group>"; };
		187D8C3318EA4F7300E5EA1B /* FacebookSDK.framework */ = {isa = PBXFileReference; lastKnownFileType = wrapper.framework; path = FacebookSDK.framework; sourceTree = "<group>"; };
		187D8C3418EA4F7300E5EA1B /* LICENSE */ = {isa = PBXFileReference; fileEncoding = 4; lastKnownFileType = text; path = LICENSE; sourceTree = "<group>"; };
		187D8C3518EA4F7300E5EA1B /* README.txt */ = {isa = PBXFileReference; fileEncoding = 4; lastKnownFileType = text; path = README.txt; sourceTree = "<group>"; };
		18A7C1421900D3B4003D135D /* GroupCreateViewController.h */ = {isa = PBXFileReference; fileEncoding = 4; lastKnownFileType = sourcecode.c.h; path = GroupCreateViewController.h; sourceTree = "<group>"; };
		18A7C1431900D3C2003D135D /* GroupCreateViewController.m */ = {isa = PBXFileReference; fileEncoding = 4; lastKnownFileType = sourcecode.c.objc; path = GroupCreateViewController.m; sourceTree = "<group>"; };
		18A7C1451900D3D4003D135D /* GroupCreateViewController.xib */ = {isa = PBXFileReference; fileEncoding = 4; lastKnownFileType = file.xib; path = GroupCreateViewController.xib; sourceTree = "<group>"; };
		18A7C1471900EB2F003D135D /* ConditionalViewController.h */ = {isa = PBXFileReference; fileEncoding = 4; lastKnownFileType = sourcecode.c.h; path = ConditionalViewController.h; sourceTree = "<group>"; };
		18A7C1481900EB2F003D135D /* ConditionalViewController.m */ = {isa = PBXFileReference; fileEncoding = 4; lastKnownFileType = sourcecode.c.objc; path = ConditionalViewController.m; sourceTree = "<group>"; };
		18A7C1491900EB2F003D135D /* ConditionalViewController.xib */ = {isa = PBXFileReference; fileEncoding = 4; lastKnownFileType = file.xib; path = ConditionalViewController.xib; sourceTree = "<group>"; };
		18B4994D19188E5F00B78E42 /* GroupAutoCompletionObject.h */ = {isa = PBXFileReference; fileEncoding = 4; lastKnownFileType = sourcecode.c.h; path = GroupAutoCompletionObject.h; sourceTree = "<group>"; };
		18B4994E19188E5F00B78E42 /* GroupAutoCompletionObject.m */ = {isa = PBXFileReference; fileEncoding = 4; lastKnownFileType = sourcecode.c.objc; path = GroupAutoCompletionObject.m; sourceTree = "<group>"; };
		18E2985C1911880A00D05153 /* GroupEditViewController.h */ = {isa = PBXFileReference; fileEncoding = 4; lastKnownFileType = sourcecode.c.h; path = GroupEditViewController.h; sourceTree = "<group>"; };
		18E2985D1911880A00D05153 /* GroupEditViewController.m */ = {isa = PBXFileReference; fileEncoding = 4; lastKnownFileType = sourcecode.c.objc; path = GroupEditViewController.m; sourceTree = "<group>"; };
		18E2985E1911880A00D05153 /* GroupEditViewController.xib */ = {isa = PBXFileReference; fileEncoding = 4; lastKnownFileType = file.xib; path = GroupEditViewController.xib; sourceTree = "<group>"; };
		18E298611911998900D05153 /* CMPopTipView.h */ = {isa = PBXFileReference; fileEncoding = 4; lastKnownFileType = sourcecode.c.h; path = CMPopTipView.h; sourceTree = "<group>"; };
		18E298621911998900D05153 /* CMPopTipView.m */ = {isa = PBXFileReference; fileEncoding = 4; lastKnownFileType = sourcecode.c.objc; path = CMPopTipView.m; sourceTree = "<group>"; };
		21C7EA91E60F44E4B5D21A16 /* Pods.xcconfig */ = {isa = PBXFileReference; includeInIndex = 1; lastKnownFileType = text.xcconfig; name = Pods.xcconfig; path = Pods/Pods.xcconfig; sourceTree = "<group>"; };
		3224245B18EC949F003E7E7F /* AddFriendViewController.h */ = {isa = PBXFileReference; fileEncoding = 4; lastKnownFileType = sourcecode.c.h; path = AddFriendViewController.h; sourceTree = "<group>"; };
		3224245C18EC949F003E7E7F /* AddFriendViewController.m */ = {isa = PBXFileReference; fileEncoding = 4; lastKnownFileType = sourcecode.c.objc; path = AddFriendViewController.m; sourceTree = "<group>"; };
		3224245D18EC949F003E7E7F /* AddFriendViewController.xib */ = {isa = PBXFileReference; fileEncoding = 4; lastKnownFileType = file.xib; path = AddFriendViewController.xib; sourceTree = "<group>"; };
		3224246018EC9EA0003E7E7F /* FriendViewController.h */ = {isa = PBXFileReference; fileEncoding = 4; lastKnownFileType = sourcecode.c.h; path = FriendViewController.h; sourceTree = "<group>"; };
		3224246118EC9EA0003E7E7F /* FriendViewController.m */ = {isa = PBXFileReference; fileEncoding = 4; lastKnownFileType = sourcecode.c.objc; path = FriendViewController.m; sourceTree = "<group>"; };
		3224246218EC9EA0003E7E7F /* FriendViewController.xib */ = {isa = PBXFileReference; fileEncoding = 4; lastKnownFileType = file.xib; path = FriendViewController.xib; sourceTree = "<group>"; };
		322B9B3B18D256C80084AAF9 /* MainViewController.h */ = {isa = PBXFileReference; fileEncoding = 4; lastKnownFileType = sourcecode.c.h; path = MainViewController.h; sourceTree = "<group>"; };
		322B9B3C18D256C80084AAF9 /* MainViewController.m */ = {isa = PBXFileReference; fileEncoding = 4; lastKnownFileType = sourcecode.c.objc; path = MainViewController.m; sourceTree = "<group>"; };
		322B9B3D18D256C80084AAF9 /* MainViewController.xib */ = {isa = PBXFileReference; fileEncoding = 4; lastKnownFileType = file.xib; path = MainViewController.xib; sourceTree = "<group>"; };
		6C101FE319101B3F009A0DD2 /* EventViewController.h */ = {isa = PBXFileReference; fileEncoding = 4; lastKnownFileType = sourcecode.c.h; path = EventViewController.h; sourceTree = "<group>"; };
		6C101FE419101B3F009A0DD2 /* EventViewController.m */ = {isa = PBXFileReference; fileEncoding = 4; lastKnownFileType = sourcecode.c.objc; path = EventViewController.m; sourceTree = "<group>"; };
		6C101FE519101B3F009A0DD2 /* EventViewController.xib */ = {isa = PBXFileReference; fileEncoding = 4; lastKnownFileType = file.xib; path = EventViewController.xib; sourceTree = "<group>"; };
		6C101FE819101ECF009A0DD2 /* GroupViewController.h */ = {isa = PBXFileReference; fileEncoding = 4; lastKnownFileType = sourcecode.c.h; path = GroupViewController.h; sourceTree = "<group>"; };
		6C101FE919101ECF009A0DD2 /* GroupViewController.m */ = {isa = PBXFileReference; fileEncoding = 4; lastKnownFileType = sourcecode.c.objc; path = GroupViewController.m; sourceTree = "<group>"; };
		6C101FEA19101ECF009A0DD2 /* GroupViewController.xib */ = {isa = PBXFileReference; fileEncoding = 4; lastKnownFileType = file.xib; path = GroupViewController.xib; sourceTree = "<group>"; };
		6C101FED19104251009A0DD2 /* SOLabel.h */ = {isa = PBXFileReference; fileEncoding = 4; lastKnownFileType = sourcecode.c.h; path = SOLabel.h; sourceTree = "<group>"; };
		6C101FEE19104251009A0DD2 /* SOLabel.m */ = {isa = PBXFileReference; fileEncoding = 4; lastKnownFileType = sourcecode.c.objc; path = SOLabel.m; sourceTree = "<group>"; };
		6C13DD9118C41EFD0032A56C /* wuff_frontend.app */ = {isa = PBXFileReference; explicitFileType = wrapper.application; includeInIndex = 0; path = wuff_frontend.app; sourceTree = BUILT_PRODUCTS_DIR; };
		6C13DD9418C41EFD0032A56C /* Foundation.framework */ = {isa = PBXFileReference; lastKnownFileType = wrapper.framework; name = Foundation.framework; path = System/Library/Frameworks/Foundation.framework; sourceTree = SDKROOT; };
		6C13DD9618C41EFD0032A56C /* CoreGraphics.framework */ = {isa = PBXFileReference; lastKnownFileType = wrapper.framework; name = CoreGraphics.framework; path = System/Library/Frameworks/CoreGraphics.framework; sourceTree = SDKROOT; };
		6C13DD9818C41EFD0032A56C /* UIKit.framework */ = {isa = PBXFileReference; lastKnownFileType = wrapper.framework; name = UIKit.framework; path = System/Library/Frameworks/UIKit.framework; sourceTree = SDKROOT; };
		6C13DD9C18C41EFD0032A56C /* wuff_frontend-Info.plist */ = {isa = PBXFileReference; lastKnownFileType = text.plist.xml; path = "wuff_frontend-Info.plist"; sourceTree = "<group>"; };
		6C13DD9E18C41EFD0032A56C /* en */ = {isa = PBXFileReference; lastKnownFileType = text.plist.strings; name = en; path = en.lproj/InfoPlist.strings; sourceTree = "<group>"; };
		6C13DDA018C41EFD0032A56C /* main.m */ = {isa = PBXFileReference; lastKnownFileType = sourcecode.c.objc; path = main.m; sourceTree = "<group>"; };
		6C13DDA218C41EFD0032A56C /* wuff_frontend-Prefix.pch */ = {isa = PBXFileReference; lastKnownFileType = sourcecode.c.h; path = "wuff_frontend-Prefix.pch"; sourceTree = "<group>"; };
		6C13DDA318C41EFD0032A56C /* AppDelegate.h */ = {isa = PBXFileReference; lastKnownFileType = sourcecode.c.h; path = AppDelegate.h; sourceTree = "<group>"; };
		6C13DDA418C41EFD0032A56C /* AppDelegate.m */ = {isa = PBXFileReference; lastKnownFileType = sourcecode.c.objc; path = AppDelegate.m; sourceTree = "<group>"; };
		6C13DDAC18C41EFD0032A56C /* Images.xcassets */ = {isa = PBXFileReference; lastKnownFileType = folder.assetcatalog; path = Images.xcassets; sourceTree = "<group>"; };
		6C13DDB218C41EFD0032A56C /* wuff_frontendTests.xctest */ = {isa = PBXFileReference; explicitFileType = wrapper.cfbundle; includeInIndex = 0; path = wuff_frontendTests.xctest; sourceTree = BUILT_PRODUCTS_DIR; };
		6C13DDB318C41EFD0032A56C /* XCTest.framework */ = {isa = PBXFileReference; lastKnownFileType = wrapper.framework; name = XCTest.framework; path = Library/Frameworks/XCTest.framework; sourceTree = DEVELOPER_DIR; };
		6C13DDBB18C41EFD0032A56C /* wuff_frontendTests-Info.plist */ = {isa = PBXFileReference; lastKnownFileType = text.plist.xml; path = "wuff_frontendTests-Info.plist"; sourceTree = "<group>"; };
		6C13DDBD18C41EFD0032A56C /* en */ = {isa = PBXFileReference; lastKnownFileType = text.plist.strings; name = en; path = en.lproj/InfoPlist.strings; sourceTree = "<group>"; };
		6C13DDBF18C41EFD0032A56C /* wuff_frontendTests.m */ = {isa = PBXFileReference; lastKnownFileType = sourcecode.c.objc; path = wuff_frontendTests.m; sourceTree = "<group>"; };
		6C13DDC918C43FD20032A56C /* InputView.h */ = {isa = PBXFileReference; fileEncoding = 4; lastKnownFileType = sourcecode.c.h; path = InputView.h; sourceTree = "<group>"; };
		6C13DDCA18C43FD20032A56C /* InputView.m */ = {isa = PBXFileReference; fileEncoding = 4; lastKnownFileType = sourcecode.c.objc; path = InputView.m; sourceTree = "<group>"; };
		6C4AFBD418E52FAE001BCEBB /* UserAutoCompletionObject.h */ = {isa = PBXFileReference; fileEncoding = 4; lastKnownFileType = sourcecode.c.h; path = UserAutoCompletionObject.h; sourceTree = "<group>"; };
		6C4AFBD518E52FAE001BCEBB /* UserAutoCompletionObject.m */ = {isa = PBXFileReference; fileEncoding = 4; lastKnownFileType = sourcecode.c.objc; path = UserAutoCompletionObject.m; sourceTree = "<group>"; };
		6C4AFBD718E78D66001BCEBB /* SettingsTabViewController.h */ = {isa = PBXFileReference; fileEncoding = 4; lastKnownFileType = sourcecode.c.h; path = SettingsTabViewController.h; sourceTree = "<group>"; };
		6C4AFBD818E78D67001BCEBB /* SettingsTabViewController.m */ = {isa = PBXFileReference; fileEncoding = 4; lastKnownFileType = sourcecode.c.objc; path = SettingsTabViewController.m; sourceTree = "<group>"; };
		6C4AFBD918E78D67001BCEBB /* SettingsTabViewController.xib */ = {isa = PBXFileReference; fileEncoding = 4; lastKnownFileType = file.xib; path = SettingsTabViewController.xib; sourceTree = "<group>"; };
		6C6216B718D037AA0006048A /* EventCreateViewController.h */ = {isa = PBXFileReference; fileEncoding = 4; lastKnownFileType = sourcecode.c.h; path = EventCreateViewController.h; sourceTree = "<group>"; };
		6C6216B818D037AA0006048A /* EventCreateViewController.m */ = {isa = PBXFileReference; fileEncoding = 4; lastKnownFileType = sourcecode.c.objc; path = EventCreateViewController.m; sourceTree = "<group>"; };
		6C6216B918D037AA0006048A /* EventCreateViewController.xib */ = {isa = PBXFileReference; fileEncoding = 4; lastKnownFileType = file.xib; path = EventCreateViewController.xib; sourceTree = "<group>"; };
		6C6216BC18D0390F0006048A /* LoginViewController.h */ = {isa = PBXFileReference; fileEncoding = 4; lastKnownFileType = sourcecode.c.h; path = LoginViewController.h; sourceTree = "<group>"; };
		6C6216BD18D0390F0006048A /* LoginViewController.m */ = {isa = PBXFileReference; fileEncoding = 4; lastKnownFileType = sourcecode.c.objc; path = LoginViewController.m; sourceTree = "<group>"; };
		6C6216BE18D0390F0006048A /* LoginViewController.xib */ = {isa = PBXFileReference; fileEncoding = 4; lastKnownFileType = file.xib; path = LoginViewController.xib; sourceTree = "<group>"; };
		6C6216C118D0397A0006048A /* SignUpViewController.h */ = {isa = PBXFileReference; fileEncoding = 4; lastKnownFileType = sourcecode.c.h; path = SignUpViewController.h; sourceTree = "<group>"; };
		6C6216C218D0397A0006048A /* SignUpViewController.m */ = {isa = PBXFileReference; fileEncoding = 4; lastKnownFileType = sourcecode.c.objc; path = SignUpViewController.m; sourceTree = "<group>"; };
		6C6216C318D0397A0006048A /* SignUpViewController.xib */ = {isa = PBXFileReference; fileEncoding = 4; lastKnownFileType = file.xib; path = SignUpViewController.xib; sourceTree = "<group>"; };
		6C71D54B18FDA0B4004334EA /* MainViewTableViewCell.h */ = {isa = PBXFileReference; fileEncoding = 4; lastKnownFileType = sourcecode.c.h; path = MainViewTableViewCell.h; sourceTree = "<group>"; };
		6C71D54C18FDA0B4004334EA /* MainViewTableViewCell.m */ = {isa = PBXFileReference; fileEncoding = 4; lastKnownFileType = sourcecode.c.objc; path = MainViewTableViewCell.m; sourceTree = "<group>"; };
		6C71D54E18FDE02C004334EA /* groups_icon.png */ = {isa = PBXFileReference; lastKnownFileType = image.png; path = groups_icon.png; sourceTree = "<group>"; };
		6C71D55018FDE113004334EA /* SettingsTableViewCell.h */ = {isa = PBXFileReference; fileEncoding = 4; lastKnownFileType = sourcecode.c.h; path = SettingsTableViewCell.h; sourceTree = "<group>"; };
		6C71D55118FDE113004334EA /* SettingsTableViewCell.m */ = {isa = PBXFileReference; fileEncoding = 4; lastKnownFileType = sourcecode.c.objc; path = SettingsTableViewCell.m; sourceTree = "<group>"; };
		6C71D55319004C8C004334EA /* check.png */ = {isa = PBXFileReference; lastKnownFileType = image.png; name = check.png; path = Images/check.png; sourceTree = "<group>"; };
		6C71D55419004C8C004334EA /* check@2x.png */ = {isa = PBXFileReference; lastKnownFileType = image.png; name = "check@2x.png"; path = "Images/check@2x.png"; sourceTree = "<group>"; };
		6C71D55519004C8C004334EA /* clock.png */ = {isa = PBXFileReference; lastKnownFileType = image.png; name = clock.png; path = Images/clock.png; sourceTree = "<group>"; };
		6C71D55619004C8C004334EA /* clock@2x.png */ = {isa = PBXFileReference; lastKnownFileType = image.png; name = "clock@2x.png"; path = "Images/clock@2x.png"; sourceTree = "<group>"; };
		6C71D55719004C8C004334EA /* cross.png */ = {isa = PBXFileReference; lastKnownFileType = image.png; name = cross.png; path = Images/cross.png; sourceTree = "<group>"; };
		6C71D55819004C8C004334EA /* cross@2x.png */ = {isa = PBXFileReference; lastKnownFileType = image.png; name = "cross@2x.png"; path = "Images/cross@2x.png"; sourceTree = "<group>"; };
		6C71D55919004C8C004334EA /* list.png */ = {isa = PBXFileReference; lastKnownFileType = image.png; name = list.png; path = Images/list.png; sourceTree = "<group>"; };
		6C71D55A19004C8C004334EA /* list@2x.png */ = {isa = PBXFileReference; lastKnownFileType = image.png; name = "list@2x.png"; path = "Images/list@2x.png"; sourceTree = "<group>"; };
		6C71D56819005550004334EA /* RectUIVew.h */ = {isa = PBXFileReference; fileEncoding = 4; lastKnownFileType = sourcecode.c.h; path = RectUIVew.h; sourceTree = "<group>"; };
		6C71D56919005550004334EA /* RectUIVew.m */ = {isa = PBXFileReference; fileEncoding = 4; lastKnownFileType = sourcecode.c.objc; path = RectUIVew.m; sourceTree = "<group>"; };
		6C71D56B190059B6004334EA /* profilepic.png */ = {isa = PBXFileReference; lastKnownFileType = image.png; name = profilepic.png; path = Images/profilepic.png; sourceTree = "<group>"; };
		6C71D56C190059B6004334EA /* profilepic@2x.png */ = {isa = PBXFileReference; lastKnownFileType = image.png; name = "profilepic@2x.png"; path = "Images/profilepic@2x.png"; sourceTree = "<group>"; };
		6C8CB86818E89C6D0077E9BB /* SettingsViewController.h */ = {isa = PBXFileReference; fileEncoding = 4; lastKnownFileType = sourcecode.c.h; path = SettingsViewController.h; sourceTree = "<group>"; };
		6C8CB86918E89C6D0077E9BB /* SettingsViewController.m */ = {isa = PBXFileReference; fileEncoding = 4; lastKnownFileType = sourcecode.c.objc; path = SettingsViewController.m; sourceTree = "<group>"; };
		6C8CB86A18E89C6D0077E9BB /* SettingsViewController.xib */ = {isa = PBXFileReference; fileEncoding = 4; lastKnownFileType = file.xib; path = SettingsViewController.xib; sourceTree = "<group>"; };
		6C8CB87618EC6E880077E9BB /* AddFriendViewController.m */ = {isa = PBXFileReference; fileEncoding = 4; lastKnownFileType = sourcecode.c.objc; path = AddFriendViewController.m; sourceTree = "<group>"; };
		6C8CB87718EC6E880077E9BB /* AddFriendViewController.xib */ = {isa = PBXFileReference; fileEncoding = 4; lastKnownFileType = file.xib; path = AddFriendViewController.xib; sourceTree = "<group>"; };
		6CAAB38018E7A67E008A686A /* settings_icon.png */ = {isa = PBXFileReference; lastKnownFileType = image.png; path = settings_icon.png; sourceTree = "<group>"; };
		6CEE812F1901A57600F8CA53 /* groups_icon@2x.png */ = {isa = PBXFileReference; lastKnownFileType = image.png; path = "groups_icon@2x.png"; sourceTree = "<group>"; };
		6CF7E1B418CA538F00880712 /* HandleRequest.h */ = {isa = PBXFileReference; fileEncoding = 4; lastKnownFileType = sourcecode.c.h; path = HandleRequest.h; sourceTree = "<group>"; };
		6CF7E1B518CA538F00880712 /* HandleRequest.m */ = {isa = PBXFileReference; fileEncoding = 4; lastKnownFileType = sourcecode.c.objc; path = HandleRequest.m; sourceTree = "<group>"; };
/* End PBXFileReference section */

/* Begin PBXFrameworksBuildPhase section */
		6C13DD8E18C41EFD0032A56C /* Frameworks */ = {
			isa = PBXFrameworksBuildPhase;
			buildActionMask = 2147483647;
			files = (
				6C13DD9718C41EFD0032A56C /* CoreGraphics.framework in Frameworks */,
				187D8D5818EA4F7400E5EA1B /* FacebookSDK.framework in Frameworks */,
				6C13DD9918C41EFD0032A56C /* UIKit.framework in Frameworks */,
				6C13DD9518C41EFD0032A56C /* Foundation.framework in Frameworks */,
				2FA263EFF5754A148A72C75D /* libPods.a in Frameworks */,
			);
			runOnlyForDeploymentPostprocessing = 0;
		};
		6C13DDAF18C41EFD0032A56C /* Frameworks */ = {
			isa = PBXFrameworksBuildPhase;
			buildActionMask = 2147483647;
			files = (
				6C13DDB418C41EFD0032A56C /* XCTest.framework in Frameworks */,
				6C13DDB618C41EFD0032A56C /* UIKit.framework in Frameworks */,
				6C13DDB518C41EFD0032A56C /* Foundation.framework in Frameworks */,
			);
			runOnlyForDeploymentPostprocessing = 0;
		};
/* End PBXFrameworksBuildPhase section */

/* Begin PBXGroup section */
		187D8C3218EA4F7300E5EA1B /* FacebookSDK */ = {
			isa = PBXGroup;
			children = (
				187D8C3318EA4F7300E5EA1B /* FacebookSDK.framework */,
				187D8C3418EA4F7300E5EA1B /* LICENSE */,
				187D8C3518EA4F7300E5EA1B /* README.txt */,
			);
			path = FacebookSDK;
			sourceTree = "<group>";
		};
		6C13DD8818C41EFD0032A56C = {
			isa = PBXGroup;
			children = (
				6C13DD9A18C41EFD0032A56C /* wuff_frontend */,
				6C13DDB918C41EFD0032A56C /* wuff_frontendTests */,
				6C13DD9318C41EFD0032A56C /* Frameworks */,
				6C13DD9218C41EFD0032A56C /* Products */,
				21C7EA91E60F44E4B5D21A16 /* Pods.xcconfig */,
			);
			sourceTree = "<group>";
		};
		6C13DD9218C41EFD0032A56C /* Products */ = {
			isa = PBXGroup;
			children = (
				6C13DD9118C41EFD0032A56C /* wuff_frontend.app */,
				6C13DDB218C41EFD0032A56C /* wuff_frontendTests.xctest */,
			);
			name = Products;
			sourceTree = "<group>";
		};
		6C13DD9318C41EFD0032A56C /* Frameworks */ = {
			isa = PBXGroup;
			children = (
				187D8C3218EA4F7300E5EA1B /* FacebookSDK */,
				6C13DD9418C41EFD0032A56C /* Foundation.framework */,
				6C13DD9618C41EFD0032A56C /* CoreGraphics.framework */,
				6C13DD9818C41EFD0032A56C /* UIKit.framework */,
				6C13DDB318C41EFD0032A56C /* XCTest.framework */,
				044995168A7147F2923F3E70 /* libPods.a */,
			);
			name = Frameworks;
			sourceTree = "<group>";
		};
		6C13DD9A18C41EFD0032A56C /* wuff_frontend */ = {
			isa = PBXGroup;
			children = (
				6C13DDA318C41EFD0032A56C /* AppDelegate.h */,
				6C13DDA418C41EFD0032A56C /* AppDelegate.m */,
				322B9B3B18D256C80084AAF9 /* MainViewController.h */,
				322B9B3C18D256C80084AAF9 /* MainViewController.m */,
				322B9B3D18D256C80084AAF9 /* MainViewController.xib */,
				6C71D56319004C90004334EA /* Images */,
				6C71D54B18FDA0B4004334EA /* MainViewTableViewCell.h */,
				6C71D54C18FDA0B4004334EA /* MainViewTableViewCell.m */,
				6C71D56819005550004334EA /* RectUIVew.h */,
				6C71D56919005550004334EA /* RectUIVew.m */,
				6C71D54E18FDE02C004334EA /* groups_icon.png */,
				6CEE812F1901A57600F8CA53 /* groups_icon@2x.png */,
				6CAAB38018E7A67E008A686A /* settings_icon.png */,
				6C4AFBD718E78D66001BCEBB /* SettingsTabViewController.h */,
				6C4AFBD818E78D67001BCEBB /* SettingsTabViewController.m */,
				6C4AFBD918E78D67001BCEBB /* SettingsTabViewController.xib */,
				6C101FE819101ECF009A0DD2 /* GroupViewController.h */,
				6C101FE919101ECF009A0DD2 /* GroupViewController.m */,
				6C101FEA19101ECF009A0DD2 /* GroupViewController.xib */,
				18E2985C1911880A00D05153 /* GroupEditViewController.h */,
				18E2985D1911880A00D05153 /* GroupEditViewController.m */,
				18E2985E1911880A00D05153 /* GroupEditViewController.xib */,
				6C101FED19104251009A0DD2 /* SOLabel.h */,
				6C101FEE19104251009A0DD2 /* SOLabel.m */,
				6C101FE319101B3F009A0DD2 /* EventViewController.h */,
				6C101FE419101B3F009A0DD2 /* EventViewController.m */,
				6C101FE519101B3F009A0DD2 /* EventViewController.xib */,
				6C71D55018FDE113004334EA /* SettingsTableViewCell.h */,
				6C71D55118FDE113004334EA /* SettingsTableViewCell.m */,
				6C8CB86818E89C6D0077E9BB /* SettingsViewController.h */,
				6C8CB86918E89C6D0077E9BB /* SettingsViewController.m */,
				6C8CB86A18E89C6D0077E9BB /* SettingsViewController.xib */,
				3224245B18EC949F003E7E7F /* AddFriendViewController.h */,
				6C8CB87618EC6E880077E9BB /* AddFriendViewController.m */,
				6C8CB87718EC6E880077E9BB /* AddFriendViewController.xib */,
				3224246018EC9EA0003E7E7F /* FriendViewController.h */,
				3224246118EC9EA0003E7E7F /* FriendViewController.m */,
				3224246218EC9EA0003E7E7F /* FriendViewController.xib */,
				3224245B18EC949F003E7E7F /* AddFriendViewController.h */,
				3224245C18EC949F003E7E7F /* AddFriendViewController.m */,
				3224245D18EC949F003E7E7F /* AddFriendViewController.xib */,
				18A7C1421900D3B4003D135D /* GroupCreateViewController.h */,
				18A7C1431900D3C2003D135D /* GroupCreateViewController.m */,
				18A7C1451900D3D4003D135D /* GroupCreateViewController.xib */,
				6C6216B718D037AA0006048A /* EventCreateViewController.h */,
				6C6216B818D037AA0006048A /* EventCreateViewController.m */,
				6C6216B918D037AA0006048A /* EventCreateViewController.xib */,
				6C6216C118D0397A0006048A /* SignUpViewController.h */,
				6C6216C218D0397A0006048A /* SignUpViewController.m */,
				6C6216C318D0397A0006048A /* SignUpViewController.xib */,
				6C6216BC18D0390F0006048A /* LoginViewController.h */,
				6C6216BD18D0390F0006048A /* LoginViewController.m */,
				6C6216BE18D0390F0006048A /* LoginViewController.xib */,
				18A7C1471900EB2F003D135D /* ConditionalViewController.h */,
				18A7C1481900EB2F003D135D /* ConditionalViewController.m */,
				18A7C1491900EB2F003D135D /* ConditionalViewController.xib */,
				6C13DDAC18C41EFD0032A56C /* Images.xcassets */,
				6C13DD9B18C41EFD0032A56C /* Supporting Files */,
			);
			path = wuff_frontend;
			sourceTree = "<group>";
		};
		6C13DD9B18C41EFD0032A56C /* Supporting Files */ = {
			isa = PBXGroup;
			children = (
				186A197218CD270000E4BEB5 /* UIView+Toast.h */,
				186A197318CD270000E4BEB5 /* UIView+Toast.m */,
				6C13DDC918C43FD20032A56C /* InputView.h */,
				6C13DDCA18C43FD20032A56C /* InputView.m */,
				6CF7E1B418CA538F00880712 /* HandleRequest.h */,
				6CF7E1B518CA538F00880712 /* HandleRequest.m */,
				18E298611911998900D05153 /* CMPopTipView.h */,
				18E298621911998900D05153 /* CMPopTipView.m */,
				6C13DD9C18C41EFD0032A56C /* wuff_frontend-Info.plist */,
				6C13DD9D18C41EFD0032A56C /* InfoPlist.strings */,
				6C13DDA018C41EFD0032A56C /* main.m */,
				6C13DDA218C41EFD0032A56C /* wuff_frontend-Prefix.pch */,
				6C4AFBD418E52FAE001BCEBB /* UserAutoCompletionObject.h */,
				6C4AFBD518E52FAE001BCEBB /* UserAutoCompletionObject.m */,
				18B4994D19188E5F00B78E42 /* GroupAutoCompletionObject.h */,
				18B4994E19188E5F00B78E42 /* GroupAutoCompletionObject.m */,
			);
			name = "Supporting Files";
			sourceTree = "<group>";
		};
		6C13DDB918C41EFD0032A56C /* wuff_frontendTests */ = {
			isa = PBXGroup;
			children = (
				6C13DDBF18C41EFD0032A56C /* wuff_frontendTests.m */,
				6C13DDBA18C41EFD0032A56C /* Supporting Files */,
			);
			path = wuff_frontendTests;
			sourceTree = "<group>";
		};
		6C13DDBA18C41EFD0032A56C /* Supporting Files */ = {
			isa = PBXGroup;
			children = (
				6C13DDBB18C41EFD0032A56C /* wuff_frontendTests-Info.plist */,
				6C13DDBC18C41EFD0032A56C /* InfoPlist.strings */,
			);
			name = "Supporting Files";
			sourceTree = "<group>";
		};
		6C71D56319004C90004334EA /* Images */ = {
			isa = PBXGroup;
			children = (
				6C71D56B190059B6004334EA /* profilepic.png */,
				6C71D56C190059B6004334EA /* profilepic@2x.png */,
				6C71D55319004C8C004334EA /* check.png */,
				6C71D55419004C8C004334EA /* check@2x.png */,
				6C71D55519004C8C004334EA /* clock.png */,
				6C71D55619004C8C004334EA /* clock@2x.png */,
				6C71D55719004C8C004334EA /* cross.png */,
				6C71D55819004C8C004334EA /* cross@2x.png */,
				6C71D55919004C8C004334EA /* list.png */,
				6C71D55A19004C8C004334EA /* list@2x.png */,
			);
			name = Images;
			sourceTree = "<group>";
		};
/* End PBXGroup section */

/* Begin PBXNativeTarget section */
		6C13DD9018C41EFD0032A56C /* wuff_frontend */ = {
			isa = PBXNativeTarget;
			buildConfigurationList = 6C13DDC318C41EFD0032A56C /* Build configuration list for PBXNativeTarget "wuff_frontend" */;
			buildPhases = (
				C442CEC5630A49D28BF0D698 /* Check Pods Manifest.lock */,
				6C13DD8D18C41EFD0032A56C /* Sources */,
				6C13DD8E18C41EFD0032A56C /* Frameworks */,
				6C13DD8F18C41EFD0032A56C /* Resources */,
				CE3EF887964D467F864550EE /* Copy Pods Resources */,
			);
			buildRules = (
			);
			dependencies = (
			);
			name = wuff_frontend;
			productName = wuff_frontend;
			productReference = 6C13DD9118C41EFD0032A56C /* wuff_frontend.app */;
			productType = "com.apple.product-type.application";
		};
		6C13DDB118C41EFD0032A56C /* wuff_frontendTests */ = {
			isa = PBXNativeTarget;
			buildConfigurationList = 6C13DDC618C41EFD0032A56C /* Build configuration list for PBXNativeTarget "wuff_frontendTests" */;
			buildPhases = (
				6C13DDAE18C41EFD0032A56C /* Sources */,
				6C13DDAF18C41EFD0032A56C /* Frameworks */,
				6C13DDB018C41EFD0032A56C /* Resources */,
			);
			buildRules = (
			);
			dependencies = (
				6C13DDB818C41EFD0032A56C /* PBXTargetDependency */,
			);
			name = wuff_frontendTests;
			productName = wuff_frontendTests;
			productReference = 6C13DDB218C41EFD0032A56C /* wuff_frontendTests.xctest */;
			productType = "com.apple.product-type.bundle.unit-test";
		};
/* End PBXNativeTarget section */

/* Begin PBXProject section */
		6C13DD8918C41EFD0032A56C /* Project object */ = {
			isa = PBXProject;
			attributes = {
				LastUpgradeCheck = 0510;
				ORGANIZATIONNAME = "Wuff Productions";
				TargetAttributes = {
					6C13DDB118C41EFD0032A56C = {
						TestTargetID = 6C13DD9018C41EFD0032A56C;
					};
				};
			};
			buildConfigurationList = 6C13DD8C18C41EFD0032A56C /* Build configuration list for PBXProject "wuff_frontend" */;
			compatibilityVersion = "Xcode 3.2";
			developmentRegion = English;
			hasScannedForEncodings = 0;
			knownRegions = (
				en,
				Base,
				he,
			);
			mainGroup = 6C13DD8818C41EFD0032A56C;
			productRefGroup = 6C13DD9218C41EFD0032A56C /* Products */;
			projectDirPath = "";
			projectRoot = "";
			targets = (
				6C13DD9018C41EFD0032A56C /* wuff_frontend */,
				6C13DDB118C41EFD0032A56C /* wuff_frontendTests */,
			);
		};
/* End PBXProject section */

/* Begin PBXResourcesBuildPhase section */
		6C13DD8F18C41EFD0032A56C /* Resources */ = {
			isa = PBXResourcesBuildPhase;
			buildActionMask = 2147483647;
			files = (
				6C71D55F19004C8C004334EA /* cross.png in Resources */,
				6C13DDAD18C41EFD0032A56C /* Images.xcassets in Resources */,
				6C101FEC19101ECF009A0DD2 /* GroupViewController.xib in Resources */,
				6C6216BB18D037AA0006048A /* EventCreateViewController.xib in Resources */,
				6C71D56D190059B6004334EA /* profilepic.png in Resources */,
				6C71D56219004C8C004334EA /* list@2x.png in Resources */,
				6C101FE719101B3F009A0DD2 /* EventViewController.xib in Resources */,
				187D8D5A18EA4F7400E5EA1B /* README.txt in Resources */,
				6C4AFBDB18E78D67001BCEBB /* SettingsTabViewController.xib in Resources */,
				6C71D55E19004C8C004334EA /* clock@2x.png in Resources */,
				6CAAB38118E7A67E008A686A /* settings_icon.png in Resources */,
				6C71D56119004C8C004334EA /* list.png in Resources */,
				18E298601911880A00D05153 /* GroupEditViewController.xib in Resources */,
				6C8CB87918EC6E880077E9BB /* AddFriendViewController.xib in Resources */,
				6C13DD9F18C41EFD0032A56C /* InfoPlist.strings in Resources */,
				18A7C1461900D3D4003D135D /* GroupCreateViewController.xib in Resources */,
				187D8D5918EA4F7400E5EA1B /* LICENSE in Resources */,
				6CEE81301901A57600F8CA53 /* groups_icon@2x.png in Resources */,
				18A7C14B1900EB2F003D135D /* ConditionalViewController.xib in Resources */,
				6C71D56019004C8C004334EA /* cross@2x.png in Resources */,
				6C71D55B19004C8C004334EA /* check.png in Resources */,
				6C71D55D19004C8C004334EA /* clock.png in Resources */,
				6C6216C018D0390F0006048A /* LoginViewController.xib in Resources */,
				6C71D55C19004C8C004334EA /* check@2x.png in Resources */,
				6C71D54F18FDE02C004334EA /* groups_icon.png in Resources */,
				322B9B3F18D256C80084AAF9 /* MainViewController.xib in Resources */,
				3224246418EC9EA0003E7E7F /* FriendViewController.xib in Resources */,
				6C6216C518D0397A0006048A /* SignUpViewController.xib in Resources */,
				6C8CB86C18E89C6D0077E9BB /* SettingsViewController.xib in Resources */,
				6C71D56E190059B6004334EA /* profilepic@2x.png in Resources */,
			);
			runOnlyForDeploymentPostprocessing = 0;
		};
		6C13DDB018C41EFD0032A56C /* Resources */ = {
			isa = PBXResourcesBuildPhase;
			buildActionMask = 2147483647;
			files = (
				6C13DDBE18C41EFD0032A56C /* InfoPlist.strings in Resources */,
			);
			runOnlyForDeploymentPostprocessing = 0;
		};
/* End PBXResourcesBuildPhase section */

/* Begin PBXShellScriptBuildPhase section */
		C442CEC5630A49D28BF0D698 /* Check Pods Manifest.lock */ = {
			isa = PBXShellScriptBuildPhase;
			buildActionMask = 2147483647;
			files = (
			);
			inputPaths = (
			);
			name = "Check Pods Manifest.lock";
			outputPaths = (
			);
			runOnlyForDeploymentPostprocessing = 0;
			shellPath = /bin/sh;
			shellScript = "diff \"${PODS_ROOT}/../Podfile.lock\" \"${PODS_ROOT}/Manifest.lock\" > /dev/null\nif [[ $? != 0 ]] ; then\n    cat << EOM\nerror: The sandbox is not in sync with the Podfile.lock. Run 'pod install' or update your CocoaPods installation.\nEOM\n    exit 1\nfi\n";
			showEnvVarsInLog = 0;
		};
		CE3EF887964D467F864550EE /* Copy Pods Resources */ = {
			isa = PBXShellScriptBuildPhase;
			buildActionMask = 2147483647;
			files = (
			);
			inputPaths = (
			);
			name = "Copy Pods Resources";
			outputPaths = (
			);
			runOnlyForDeploymentPostprocessing = 0;
			shellPath = /bin/sh;
			shellScript = "\"${SRCROOT}/Pods/Pods-resources.sh\"\n";
			showEnvVarsInLog = 0;
		};
/* End PBXShellScriptBuildPhase section */

/* Begin PBXSourcesBuildPhase section */
		6C13DD8D18C41EFD0032A56C /* Sources */ = {
			isa = PBXSourcesBuildPhase;
			buildActionMask = 2147483647;
			files = (
				18E298631911998900D05153 /* CMPopTipView.m in Sources */,
				6C101FEB19101ECF009A0DD2 /* GroupViewController.m in Sources */,
				186A197418CD270000E4BEB5 /* UIView+Toast.m in Sources */,
				6C71D56A19005550004334EA /* RectUIVew.m in Sources */,
				6C6216BA18D037AA0006048A /* EventCreateViewController.m in Sources */,
				6C4AFBDA18E78D67001BCEBB /* SettingsTabViewController.m in Sources */,
				18A7C14A1900EB2F003D135D /* ConditionalViewController.m in Sources */,
				3224245E18EC949F003E7E7F /* AddFriendViewController.m in Sources */,
				18E2985F1911880A00D05153 /* GroupEditViewController.m in Sources */,
				18B4994F19188E5F00B78E42 /* GroupAutoCompletionObject.m in Sources */,
				322B9B3E18D256C80084AAF9 /* MainViewController.m in Sources */,
				6C101FEF19104251009A0DD2 /* SOLabel.m in Sources */,
				6CF7E1B618CA538F00880712 /* HandleRequest.m in Sources */,
				3224246318EC9EA0003E7E7F /* FriendViewController.m in Sources */,
				6C6216BF18D0390F0006048A /* LoginViewController.m in Sources */,
				6C13DDCB18C43FD20032A56C /* InputView.m in Sources */,
				6C71D54D18FDA0B4004334EA /* MainViewTableViewCell.m in Sources */,
				6C13DDA518C41EFD0032A56C /* AppDelegate.m in Sources */,
				6C13DDA118C41EFD0032A56C /* main.m in Sources */,
				6C71D55218FDE113004334EA /* SettingsTableViewCell.m in Sources */,
				6C6216C418D0397A0006048A /* SignUpViewController.m in Sources */,
				6C4AFBD618E52FAE001BCEBB /* UserAutoCompletionObject.m in Sources */,
				6C101FE619101B3F009A0DD2 /* EventViewController.m in Sources */,
				18A7C1441900D3C2003D135D /* GroupCreateViewController.m in Sources */,
				6C8CB86B18E89C6D0077E9BB /* SettingsViewController.m in Sources */,
			);
			runOnlyForDeploymentPostprocessing = 0;
		};
		6C13DDAE18C41EFD0032A56C /* Sources */ = {
			isa = PBXSourcesBuildPhase;
			buildActionMask = 2147483647;
			files = (
				6C13DDC018C41EFD0032A56C /* wuff_frontendTests.m in Sources */,
			);
			runOnlyForDeploymentPostprocessing = 0;
		};
/* End PBXSourcesBuildPhase section */

/* Begin PBXTargetDependency section */
		6C13DDB818C41EFD0032A56C /* PBXTargetDependency */ = {
			isa = PBXTargetDependency;
			target = 6C13DD9018C41EFD0032A56C /* wuff_frontend */;
			targetProxy = 6C13DDB718C41EFD0032A56C /* PBXContainerItemProxy */;
		};
/* End PBXTargetDependency section */

/* Begin PBXVariantGroup section */
		6C13DD9D18C41EFD0032A56C /* InfoPlist.strings */ = {
			isa = PBXVariantGroup;
			children = (
				6C13DD9E18C41EFD0032A56C /* en */,
			);
			name = InfoPlist.strings;
			sourceTree = "<group>";
		};
		6C13DDBC18C41EFD0032A56C /* InfoPlist.strings */ = {
			isa = PBXVariantGroup;
			children = (
				6C13DDBD18C41EFD0032A56C /* en */,
			);
			name = InfoPlist.strings;
			sourceTree = "<group>";
		};
/* End PBXVariantGroup section */

/* Begin XCBuildConfiguration section */
		6C13DDC118C41EFD0032A56C /* Debug */ = {
			isa = XCBuildConfiguration;
			buildSettings = {
				ALWAYS_SEARCH_USER_PATHS = NO;
				CLANG_CXX_LANGUAGE_STANDARD = "gnu++0x";
				CLANG_CXX_LIBRARY = "libc++";
				CLANG_ENABLE_MODULES = YES;
				CLANG_ENABLE_OBJC_ARC = YES;
				CLANG_WARN_BOOL_CONVERSION = YES;
				CLANG_WARN_CONSTANT_CONVERSION = YES;
				CLANG_WARN_DIRECT_OBJC_ISA_USAGE = YES_ERROR;
				CLANG_WARN_EMPTY_BODY = YES;
				CLANG_WARN_ENUM_CONVERSION = YES;
				CLANG_WARN_INT_CONVERSION = YES;
				CLANG_WARN_OBJC_ROOT_CLASS = YES_ERROR;
				CLANG_WARN__DUPLICATE_METHOD_MATCH = YES;
				"CODE_SIGN_IDENTITY[sdk=iphoneos*]" = "iPhone Developer";
				COPY_PHASE_STRIP = NO;
				GCC_C_LANGUAGE_STANDARD = gnu99;
				GCC_DYNAMIC_NO_PIC = NO;
				GCC_OPTIMIZATION_LEVEL = 0;
				GCC_PREPROCESSOR_DEFINITIONS = (
					"DEBUG=1",
					"$(inherited)",
				);
				GCC_SYMBOLS_PRIVATE_EXTERN = NO;
				GCC_WARN_64_TO_32_BIT_CONVERSION = YES;
				GCC_WARN_ABOUT_RETURN_TYPE = YES_ERROR;
				GCC_WARN_UNDECLARED_SELECTOR = YES;
				GCC_WARN_UNINITIALIZED_AUTOS = YES;
				GCC_WARN_UNUSED_FUNCTION = YES;
				GCC_WARN_UNUSED_VARIABLE = YES;
				IPHONEOS_DEPLOYMENT_TARGET = 7.0;
				ONLY_ACTIVE_ARCH = YES;
				SDKROOT = iphoneos;
			};
			name = Debug;
		};
		6C13DDC218C41EFD0032A56C /* Release */ = {
			isa = XCBuildConfiguration;
			buildSettings = {
				ALWAYS_SEARCH_USER_PATHS = NO;
				CLANG_CXX_LANGUAGE_STANDARD = "gnu++0x";
				CLANG_CXX_LIBRARY = "libc++";
				CLANG_ENABLE_MODULES = YES;
				CLANG_ENABLE_OBJC_ARC = YES;
				CLANG_WARN_BOOL_CONVERSION = YES;
				CLANG_WARN_CONSTANT_CONVERSION = YES;
				CLANG_WARN_DIRECT_OBJC_ISA_USAGE = YES_ERROR;
				CLANG_WARN_EMPTY_BODY = YES;
				CLANG_WARN_ENUM_CONVERSION = YES;
				CLANG_WARN_INT_CONVERSION = YES;
				CLANG_WARN_OBJC_ROOT_CLASS = YES_ERROR;
				CLANG_WARN__DUPLICATE_METHOD_MATCH = YES;
				"CODE_SIGN_IDENTITY[sdk=iphoneos*]" = "iPhone Developer";
				COPY_PHASE_STRIP = YES;
				ENABLE_NS_ASSERTIONS = NO;
				GCC_C_LANGUAGE_STANDARD = gnu99;
				GCC_WARN_64_TO_32_BIT_CONVERSION = YES;
				GCC_WARN_ABOUT_RETURN_TYPE = YES_ERROR;
				GCC_WARN_UNDECLARED_SELECTOR = YES;
				GCC_WARN_UNINITIALIZED_AUTOS = YES;
				GCC_WARN_UNUSED_FUNCTION = YES;
				GCC_WARN_UNUSED_VARIABLE = YES;
				IPHONEOS_DEPLOYMENT_TARGET = 7.0;
				SDKROOT = iphoneos;
				VALIDATE_PRODUCT = YES;
			};
			name = Release;
		};
		6C13DDC418C41EFD0032A56C /* Debug */ = {
			isa = XCBuildConfiguration;
			baseConfigurationReference = 21C7EA91E60F44E4B5D21A16 /* Pods.xcconfig */;
			buildSettings = {
				ASSETCATALOG_COMPILER_APPICON_NAME = AppIcon;
				ASSETCATALOG_COMPILER_LAUNCHIMAGE_NAME = LaunchImage;
				FRAMEWORK_SEARCH_PATHS = (
					"$(inherited)",
					"FacebookSDK/**",
				);
				GCC_PRECOMPILE_PREFIX_HEADER = YES;
				GCC_PREFIX_HEADER = "wuff_frontend/wuff_frontend-Prefix.pch";
				INFOPLIST_FILE = "wuff_frontend/wuff_frontend-Info.plist";
				PRODUCT_NAME = "$(TARGET_NAME)";
				WRAPPER_EXTENSION = app;
			};
			name = Debug;
		};
		6C13DDC518C41EFD0032A56C /* Release */ = {
			isa = XCBuildConfiguration;
			baseConfigurationReference = 21C7EA91E60F44E4B5D21A16 /* Pods.xcconfig */;
			buildSettings = {
				ASSETCATALOG_COMPILER_APPICON_NAME = AppIcon;
				ASSETCATALOG_COMPILER_LAUNCHIMAGE_NAME = LaunchImage;
				FRAMEWORK_SEARCH_PATHS = (
					"$(inherited)",
					"FacebookSDK/**",
				);
				GCC_PRECOMPILE_PREFIX_HEADER = YES;
				GCC_PREFIX_HEADER = "wuff_frontend/wuff_frontend-Prefix.pch";
				INFOPLIST_FILE = "wuff_frontend/wuff_frontend-Info.plist";
				PRODUCT_NAME = "$(TARGET_NAME)";
				WRAPPER_EXTENSION = app;
			};
			name = Release;
		};
		6C13DDC718C41EFD0032A56C /* Debug */ = {
			isa = XCBuildConfiguration;
			buildSettings = {
				BUNDLE_LOADER = "$(BUILT_PRODUCTS_DIR)/wuff_frontend.app/wuff_frontend";
				FRAMEWORK_SEARCH_PATHS = (
					"$(SDKROOT)/Developer/Library/Frameworks",
					"$(inherited)",
					"$(DEVELOPER_FRAMEWORKS_DIR)",
					"FacebookSDK/**",
				);
				GCC_PRECOMPILE_PREFIX_HEADER = YES;
				GCC_PREFIX_HEADER = "wuff_frontend/wuff_frontend-Prefix.pch";
				GCC_PREPROCESSOR_DEFINITIONS = (
					"DEBUG=1",
					"$(inherited)",
				);
				INFOPLIST_FILE = "wuff_frontendTests/wuff_frontendTests-Info.plist";
				PRODUCT_NAME = "$(TARGET_NAME)";
				TEST_HOST = "$(BUNDLE_LOADER)";
				WRAPPER_EXTENSION = xctest;
			};
			name = Debug;
		};
		6C13DDC818C41EFD0032A56C /* Release */ = {
			isa = XCBuildConfiguration;
			buildSettings = {
				BUNDLE_LOADER = "$(BUILT_PRODUCTS_DIR)/wuff_frontend.app/wuff_frontend";
				FRAMEWORK_SEARCH_PATHS = (
					"$(SDKROOT)/Developer/Library/Frameworks",
					"$(inherited)",
					"$(DEVELOPER_FRAMEWORKS_DIR)",
					"FacebookSDK/**",
				);
				GCC_PRECOMPILE_PREFIX_HEADER = YES;
				GCC_PREFIX_HEADER = "wuff_frontend/wuff_frontend-Prefix.pch";
				INFOPLIST_FILE = "wuff_frontendTests/wuff_frontendTests-Info.plist";
				PRODUCT_NAME = "$(TARGET_NAME)";
				TEST_HOST = "$(BUNDLE_LOADER)";
				WRAPPER_EXTENSION = xctest;
			};
			name = Release;
		};
/* End XCBuildConfiguration section */

/* Begin XCConfigurationList section */
		6C13DD8C18C41EFD0032A56C /* Build configuration list for PBXProject "wuff_frontend" */ = {
			isa = XCConfigurationList;
			buildConfigurations = (
				6C13DDC118C41EFD0032A56C /* Debug */,
				6C13DDC218C41EFD0032A56C /* Release */,
			);
			defaultConfigurationIsVisible = 0;
			defaultConfigurationName = Release;
		};
		6C13DDC318C41EFD0032A56C /* Build configuration list for PBXNativeTarget "wuff_frontend" */ = {
			isa = XCConfigurationList;
			buildConfigurations = (
				6C13DDC418C41EFD0032A56C /* Debug */,
				6C13DDC518C41EFD0032A56C /* Release */,
			);
			defaultConfigurationIsVisible = 0;
			defaultConfigurationName = Release;
		};
		6C13DDC618C41EFD0032A56C /* Build configuration list for PBXNativeTarget "wuff_frontendTests" */ = {
			isa = XCConfigurationList;
			buildConfigurations = (
				6C13DDC718C41EFD0032A56C /* Debug */,
				6C13DDC818C41EFD0032A56C /* Release */,
			);
			defaultConfigurationIsVisible = 0;
			defaultConfigurationName = Release;
		};
/* End XCConfigurationList section */
	};
	rootObject = 6C13DD8918C41EFD0032A56C /* Project object */;
}
